
Microsoft Visual Studio Solution File, Format Version 12.00
# Visual Studio Version 17
VisualStudioVersion = 17.13.35913.81
MinimumVisualStudioVersion = 10.0.40219.1
Project("{2150E333-8FDC-42A3-9474-1A3956D46DE8}") = "Source", "Source", "{02EA681E-C7D8-13C7-8484-4AC65E1B71E8}"
EndProject
Project("{FAE04EC0-301F-11D3-BF4B-00C04F79EFBC}") = "RetroNET-BBS", "Source\RetroNET-BBS\RetroNET-BBS.csproj", "{0C7607EA-2F71-2BD3-C00F-065C55B9D181}"
EndProject
Project("{FAE04EC0-301F-11D3-BF4B-00C04F79EFBC}") = "Common", "Source\Common\Common.csproj", "{E49495BE-CAE4-4A0E-A960-F14234F6EAF4}"
EndProject
Project("{FAE04EC0-301F-11D3-BF4B-00C04F79EFBC}") = "Encoder", "Source\Encoder\Encoder.csproj", "{4E7F9475-8A63-40B0-9029-95F7BFAE8EDA}"
EndProject
Project("{FAE04EC0-301F-11D3-BF4B-00C04F79EFBC}") = "Parser", "Source\Parser\Parser.csproj", "{CE835026-252F-4692-8C0F-030B4A668284}"
EndProject
Project("{FAE04EC0-301F-11D3-BF4B-00C04F79EFBC}") = "PetsciiRawConverter", "Source\PetsciiRawConverter\PetsciiRawConverter.csproj", "{3F2E2FA7-AB5F-4BAE-8734-5AB5EEE7837E}"
EndProject
Project("{FAE04EC0-301F-11D3-BF4B-00C04F79EFBC}") = "SampleDynamicContent", "Source\SampleDynamicContent\SampleDynamicContent.csproj", "{DCADDEA4-B0AB-4E6B-AD0A-7A9B8B273ACE}"
EndProject
Project("{2150E333-8FDC-42A3-9474-1A3956D46DE8}") = "Tests", "Tests", "{B9978227-F87E-4ADC-B081-0D1BF4DF87AA}"
EndProject
Project("{FAE04EC0-301F-11D3-BF4B-00C04F79EFBC}") = "CommonTests", "Tests\CommonTests\CommonTests.csproj", "{04EA3AA7-4DCB-4426-9B76-F9903E2BCBC0}"
EndProject
Global
	GlobalSection(SolutionConfigurationPlatforms) = preSolution
		Debug|Any CPU = Debug|Any CPU
		Release|Any CPU = Release|Any CPU
	EndGlobalSection
	GlobalSection(ProjectConfigurationPlatforms) = postSolution
		{0C7607EA-2F71-2BD3-C00F-065C55B9D181}.Debug|Any CPU.ActiveCfg = Debug|Any CPU
		{0C7607EA-2F71-2BD3-C00F-065C55B9D181}.Debug|Any CPU.Build.0 = Debug|Any CPU
		{0C7607EA-2F71-2BD3-C00F-065C55B9D181}.Release|Any CPU.ActiveCfg = Release|Any CPU
		{0C7607EA-2F71-2BD3-C00F-065C55B9D181}.Release|Any CPU.Build.0 = Release|Any CPU
		{E49495BE-CAE4-4A0E-A960-F14234F6EAF4}.Debug|Any CPU.ActiveCfg = Debug|Any CPU
		{E49495BE-CAE4-4A0E-A960-F14234F6EAF4}.Debug|Any CPU.Build.0 = Debug|Any CPU
		{E49495BE-CAE4-4A0E-A960-F14234F6EAF4}.Release|Any CPU.ActiveCfg = Release|Any CPU
		{E49495BE-CAE4-4A0E-A960-F14234F6EAF4}.Release|Any CPU.Build.0 = Release|Any CPU
		{4E7F9475-8A63-40B0-9029-95F7BFAE8EDA}.Debug|Any CPU.ActiveCfg = Debug|Any CPU
		{4E7F9475-8A63-40B0-9029-95F7BFAE8EDA}.Debug|Any CPU.Build.0 = Debug|Any CPU
		{4E7F9475-8A63-40B0-9029-95F7BFAE8EDA}.Release|Any CPU.ActiveCfg = Release|Any CPU
		{4E7F9475-8A63-40B0-9029-95F7BFAE8EDA}.Release|Any CPU.Build.0 = Release|Any CPU
		{CE835026-252F-4692-8C0F-030B4A668284}.Debug|Any CPU.ActiveCfg = Debug|Any CPU
		{CE835026-252F-4692-8C0F-030B4A668284}.Debug|Any CPU.Build.0 = Debug|Any CPU
		{CE835026-252F-4692-8C0F-030B4A668284}.Release|Any CPU.ActiveCfg = Release|Any CPU
		{CE835026-252F-4692-8C0F-030B4A668284}.Release|Any CPU.Build.0 = Release|Any CPU
		{3F2E2FA7-AB5F-4BAE-8734-5AB5EEE7837E}.Debug|Any CPU.ActiveCfg = Debug|Any CPU
		{3F2E2FA7-AB5F-4BAE-8734-5AB5EEE7837E}.Debug|Any CPU.Build.0 = Debug|Any CPU
		{3F2E2FA7-AB5F-4BAE-8734-5AB5EEE7837E}.Release|Any CPU.ActiveCfg = Release|Any CPU
		{3F2E2FA7-AB5F-4BAE-8734-5AB5EEE7837E}.Release|Any CPU.Build.0 = Release|Any CPU
		{DCADDEA4-B0AB-4E6B-AD0A-7A9B8B273ACE}.Debug|Any CPU.ActiveCfg = Debug|Any CPU
		{DCADDEA4-B0AB-4E6B-AD0A-7A9B8B273ACE}.Debug|Any CPU.Build.0 = Debug|Any CPU
		{DCADDEA4-B0AB-4E6B-AD0A-7A9B8B273ACE}.Release|Any CPU.ActiveCfg = Release|Any CPU
		{DCADDEA4-B0AB-4E6B-AD0A-7A9B8B273ACE}.Release|Any CPU.Build.0 = Release|Any CPU
		{04EA3AA7-4DCB-4426-9B76-F9903E2BCBC0}.Debug|Any CPU.ActiveCfg = Debug|Any CPU
		{04EA3AA7-4DCB-4426-9B76-F9903E2BCBC0}.Debug|Any CPU.Build.0 = Debug|Any CPU
		{04EA3AA7-4DCB-4426-9B76-F9903E2BCBC0}.Release|Any CPU.ActiveCfg = Release|Any CPU
		{04EA3AA7-4DCB-4426-9B76-F9903E2BCBC0}.Release|Any CPU.Build.0 = Release|Any CPU
	EndGlobalSection
	GlobalSection(SolutionProperties) = preSolution
		HideSolutionNode = FALSE
	EndGlobalSection
	GlobalSection(NestedProjects) = preSolution
		{0C7607EA-2F71-2BD3-C00F-065C55B9D181} = {02EA681E-C7D8-13C7-8484-4AC65E1B71E8}
		{E49495BE-CAE4-4A0E-A960-F14234F6EAF4} = {02EA681E-C7D8-13C7-8484-4AC65E1B71E8}
		{4E7F9475-8A63-40B0-9029-95F7BFAE8EDA} = {02EA681E-C7D8-13C7-8484-4AC65E1B71E8}
		{CE835026-252F-4692-8C0F-030B4A668284} = {02EA681E-C7D8-13C7-8484-4AC65E1B71E8}
		{3F2E2FA7-AB5F-4BAE-8734-5AB5EEE7837E} = {02EA681E-C7D8-13C7-8484-4AC65E1B71E8}
		{DCADDEA4-B0AB-4E6B-AD0A-7A9B8B273ACE} = {02EA681E-C7D8-13C7-8484-4AC65E1B71E8}
		{04EA3AA7-4DCB-4426-9B76-F9903E2BCBC0} = {B9978227-F87E-4ADC-B081-0D1BF4DF87AA}
	EndGlobalSection
	GlobalSection(ExtensibilityGlobals) = postSolution
		SolutionGuid = {012023F0-1D10-490D-86DE-0DA50B8F38DD}
	EndGlobalSection
EndGlobal
