
Microsoft Visual Studio Solution File, Format Version 12.00
# Visual Studio Version 17
VisualStudioVersion = 17.12.35527.113
MinimumVisualStudioVersion = 10.0.40219.1
Project("{E53339B2-1760-4266-BCC7-CA923CBCF16C}") = "docker-compose", "docker-compose.dcproj", "{FBD914F6-6B1D-4E8F-B4A3-DFFB479BB442}"
EndProject
Project("{2150E333-8FDC-42A3-9474-1A3956D46DE8}") = "Source", "Source", "{02EA681E-C7D8-13C7-8484-4AC65E1B71E8}"
EndProject
Project("{2150E333-8FDC-42A3-9474-1A3956D46DE8}") = "Common", "Common", "{A2C7CFCA-8471-4710-A624-F5AC7BC9AE63}"
EndProject
Project("{2150E333-8FDC-42A3-9474-1A3956D46DE8}") = "Encoder", "Encoder", "{26A2C812-0EAB-472D-8D0F-847BFE2F2336}"
EndProject
Project("{2150E333-8FDC-42A3-9474-1A3956D46DE8}") = "Parser", "Parser", "{7E3B6246-88BC-476F-8618-A20A027522CB}"
EndProject
Project("{2150E333-8FDC-42A3-9474-1A3956D46DE8}") = "PetsciiRawConverter", "PetsciiRawConverter", "{BFBD7D97-4760-4402-93BD-2845A936EF7D}"
EndProject
Project("{2150E333-8FDC-42A3-9474-1A3956D46DE8}") = "RetroNET-BBS", "RetroNET-BBS", "{2D8BA73D-338C-4EC4-A73C-7AF22092CB94}"
EndProject
Project("{2150E333-8FDC-42A3-9474-1A3956D46DE8}") = "SampleDynamicContent", "SampleDynamicContent", "{2A296BA0-7268-4AE2-B607-4F8C6BC05D02}"
EndProject
Project("{FAE04EC0-301F-11D3-BF4B-00C04F79EFBC}") = "Common", "Source\Common\Common.csproj", "{D877C0DA-EA7D-B9BB-6C9A-4C82B39A3537}"
EndProject
Project("{FAE04EC0-301F-11D3-BF4B-00C04F79EFBC}") = "SampleDynamicContent", "Source\SampleDynamicContent\SampleDynamicContent.csproj", "{94497D72-3986-3375-A546-8825AB448EDB}"
EndProject
Project("{FAE04EC0-301F-11D3-BF4B-00C04F79EFBC}") = "RetroNET-BBS", "Source\RetroNET-BBS\RetroNET-BBS.csproj", "{0C7607EA-2F71-2BD3-C00F-065C55B9D181}"
EndProject
Project("{FAE04EC0-301F-11D3-BF4B-00C04F79EFBC}") = "PetsciiRawConverter", "Source\PetsciiRawConverter\PetsciiRawConverter.csproj", "{F58D99F5-816B-5B4E-BF90-96122E739257}"
EndProject
Project("{FAE04EC0-301F-11D3-BF4B-00C04F79EFBC}") = "Parser", "Source\Parser\Parser.csproj", "{2C6FB8C5-5C07-4B9D-4414-37FD8E3CA0AE}"
EndProject
Project("{FAE04EC0-301F-11D3-BF4B-00C04F79EFBC}") = "Encoder", "Source\Encoder\Encoder.csproj", "{521DED06-D27E-1A72-01EF-EA9EF0A1A831}"
EndProject
Project("{2150E333-8FDC-42A3-9474-1A3956D46DE8}") = "Tests", "Tests", "{16F0D7C0-91CE-42B5-A1C8-24D4CEAA097C}"
EndProject
Global
	GlobalSection(SolutionConfigurationPlatforms) = preSolution
		Debug|Any CPU = Debug|Any CPU
		Release|Any CPU = Release|Any CPU
	EndGlobalSection
	GlobalSection(ProjectConfigurationPlatforms) = postSolution
		{FBD914F6-6B1D-4E8F-B4A3-DFFB479BB442}.Debug|Any CPU.ActiveCfg = Debug|Any CPU
		{FBD914F6-6B1D-4E8F-B4A3-DFFB479BB442}.Debug|Any CPU.Build.0 = Debug|Any CPU
		{FBD914F6-6B1D-4E8F-B4A3-DFFB479BB442}.Release|Any CPU.ActiveCfg = Release|Any CPU
		{FBD914F6-6B1D-4E8F-B4A3-DFFB479BB442}.Release|Any CPU.Build.0 = Release|Any CPU
		{D877C0DA-EA7D-B9BB-6C9A-4C82B39A3537}.Debug|Any CPU.ActiveCfg = Debug|Any CPU
		{D877C0DA-EA7D-B9BB-6C9A-4C82B39A3537}.Debug|Any CPU.Build.0 = Debug|Any CPU
		{D877C0DA-EA7D-B9BB-6C9A-4C82B39A3537}.Release|Any CPU.ActiveCfg = Release|Any CPU
		{D877C0DA-EA7D-B9BB-6C9A-4C82B39A3537}.Release|Any CPU.Build.0 = Release|Any CPU
		{94497D72-3986-3375-A546-8825AB448EDB}.Debug|Any CPU.ActiveCfg = Debug|Any CPU
		{94497D72-3986-3375-A546-8825AB448EDB}.Debug|Any CPU.Build.0 = Debug|Any CPU
		{94497D72-3986-3375-A546-8825AB448EDB}.Release|Any CPU.ActiveCfg = Release|Any CPU
		{94497D72-3986-3375-A546-8825AB448EDB}.Release|Any CPU.Build.0 = Release|Any CPU
		{0C7607EA-2F71-2BD3-C00F-065C55B9D181}.Debug|Any CPU.ActiveCfg = Debug|Any CPU
		{0C7607EA-2F71-2BD3-C00F-065C55B9D181}.Debug|Any CPU.Build.0 = Debug|Any CPU
		{0C7607EA-2F71-2BD3-C00F-065C55B9D181}.Release|Any CPU.ActiveCfg = Release|Any CPU
		{0C7607EA-2F71-2BD3-C00F-065C55B9D181}.Release|Any CPU.Build.0 = Release|Any CPU
		{F58D99F5-816B-5B4E-BF90-96122E739257}.Debug|Any CPU.ActiveCfg = Debug|Any CPU
		{F58D99F5-816B-5B4E-BF90-96122E739257}.Debug|Any CPU.Build.0 = Debug|Any CPU
		{F58D99F5-816B-5B4E-BF90-96122E739257}.Release|Any CPU.ActiveCfg = Release|Any CPU
		{F58D99F5-816B-5B4E-BF90-96122E739257}.Release|Any CPU.Build.0 = Release|Any CPU
		{2C6FB8C5-5C07-4B9D-4414-37FD8E3CA0AE}.Debug|Any CPU.ActiveCfg = Debug|Any CPU
		{2C6FB8C5-5C07-4B9D-4414-37FD8E3CA0AE}.Debug|Any CPU.Build.0 = Debug|Any CPU
		{2C6FB8C5-5C07-4B9D-4414-37FD8E3CA0AE}.Release|Any CPU.ActiveCfg = Release|Any CPU
		{2C6FB8C5-5C07-4B9D-4414-37FD8E3CA0AE}.Release|Any CPU.Build.0 = Release|Any CPU
		{521DED06-D27E-1A72-01EF-EA9EF0A1A831}.Debug|Any CPU.ActiveCfg = Debug|Any CPU
		{521DED06-D27E-1A72-01EF-EA9EF0A1A831}.Debug|Any CPU.Build.0 = Debug|Any CPU
		{521DED06-D27E-1A72-01EF-EA9EF0A1A831}.Release|Any CPU.ActiveCfg = Release|Any CPU
		{521DED06-D27E-1A72-01EF-EA9EF0A1A831}.Release|Any CPU.Build.0 = Release|Any CPU
	EndGlobalSection
	GlobalSection(SolutionProperties) = preSolution
		HideSolutionNode = FALSE
	EndGlobalSection
	GlobalSection(NestedProjects) = preSolution
		{A2C7CFCA-8471-4710-A624-F5AC7BC9AE63} = {02EA681E-C7D8-13C7-8484-4AC65E1B71E8}
		{26A2C812-0EAB-472D-8D0F-847BFE2F2336} = {02EA681E-C7D8-13C7-8484-4AC65E1B71E8}
		{7E3B6246-88BC-476F-8618-A20A027522CB} = {02EA681E-C7D8-13C7-8484-4AC65E1B71E8}
		{BFBD7D97-4760-4402-93BD-2845A936EF7D} = {02EA681E-C7D8-13C7-8484-4AC65E1B71E8}
		{2D8BA73D-338C-4EC4-A73C-7AF22092CB94} = {02EA681E-C7D8-13C7-8484-4AC65E1B71E8}
		{2A296BA0-7268-4AE2-B607-4F8C6BC05D02} = {02EA681E-C7D8-13C7-8484-4AC65E1B71E8}
		{D877C0DA-EA7D-B9BB-6C9A-4C82B39A3537} = {A2C7CFCA-8471-4710-A624-F5AC7BC9AE63}
		{94497D72-3986-3375-A546-8825AB448EDB} = {2A296BA0-7268-4AE2-B607-4F8C6BC05D02}
		{0C7607EA-2F71-2BD3-C00F-065C55B9D181} = {2D8BA73D-338C-4EC4-A73C-7AF22092CB94}
		{F58D99F5-816B-5B4E-BF90-96122E739257} = {BFBD7D97-4760-4402-93BD-2845A936EF7D}
		{2C6FB8C5-5C07-4B9D-4414-37FD8E3CA0AE} = {7E3B6246-88BC-476F-8618-A20A027522CB}
		{521DED06-D27E-1A72-01EF-EA9EF0A1A831} = {26A2C812-0EAB-472D-8D0F-847BFE2F2336}
	EndGlobalSection
	GlobalSection(ExtensibilityGlobals) = postSolution
		SolutionGuid = {0010FCC8-0ADD-4B1A-986F-34B769BB6A76}
	EndGlobalSection
EndGlobal
